
Microsoft Visual Studio Solution File, Format Version 12.00
# Visual Studio Version 16
VisualStudioVersion = 16.0.31515.178
MinimumVisualStudioVersion = 10.0.40219.1
Project("{FAE04EC0-301F-11D3-BF4B-00C04F79EFBC}") = "AnkundaWebsite2", "AnkundaWebsite2.csproj", "{9B2BF8F2-4DA7-4CCA-8F5E-8D8BA7CE3EFB}"
EndProject
Global
	GlobalSection(SolutionConfigurationPlatforms) = preSolution
		Debug|Any CPU = Debug|Any CPU
		Release|Any CPU = Release|Any CPU
	EndGlobalSection
	GlobalSection(ProjectConfigurationPlatforms) = postSolution
		{9B2BF8F2-4DA7-4CCA-8F5E-8D8BA7CE3EFB}.Debug|Any CPU.ActiveCfg = Debug|Any CPU
		{9B2BF8F2-4DA7-4CCA-8F5E-8D8BA7CE3EFB}.Debug|Any CPU.Build.0 = Debug|Any CPU
		{9B2BF8F2-4DA7-4CCA-8F5E-8D8BA7CE3EFB}.Release|Any CPU.ActiveCfg = Release|Any CPU
		{9B2BF8F2-4DA7-4CCA-8F5E-8D8BA7CE3EFB}.Release|Any CPU.Build.0 = Release|Any CPU
	EndGlobalSection
	GlobalSection(SolutionProperties) = preSolution
		HideSolutionNode = FALSE
	EndGlobalSection
	GlobalSection(ExtensibilityGlobals) = postSolution
		SolutionGuid = {D56FE2C9-8C1E-4013-AF33-FE9A1480AF0C}
	EndGlobalSection
EndGlobal
